
Microsoft Visual Studio Solution File, Format Version 12.00
# Visual Studio Version 17
VisualStudioVersion = 17.5.002.0
MinimumVisualStudioVersion = 10.0.40219.1
Project("{9A19103F-16F7-4668-BE54-9A1E7A4F7556}") = "test", "test\test.csproj", "{D5F54D7E-5DE5-4115-ACCF-2C0732F54586}"
EndProject
Project("{9A19103F-16F7-4668-BE54-9A1E7A4F7556}") = "logbook-scanner", "src\logbook-scanner.csproj", "{0B5C9C5C-FAA9-4D0B-9EBB-C4FA748C5EAF}"
EndProject
Global
	GlobalSection(SolutionConfigurationPlatforms) = preSolution
		Debug|Any CPU = Debug|Any CPU
		Release|Any CPU = Release|Any CPU
	EndGlobalSection
	GlobalSection(ProjectConfigurationPlatforms) = postSolution
		{D5F54D7E-5DE5-4115-ACCF-2C0732F54586}.Debug|Any CPU.ActiveCfg = Debug|Any CPU
		{D5F54D7E-5DE5-4115-ACCF-2C0732F54586}.Debug|Any CPU.Build.0 = Debug|Any CPU
		{D5F54D7E-5DE5-4115-ACCF-2C0732F54586}.Release|Any CPU.ActiveCfg = Release|Any CPU
		{D5F54D7E-5DE5-4115-ACCF-2C0732F54586}.Release|Any CPU.Build.0 = Release|Any CPU
		{0B5C9C5C-FAA9-4D0B-9EBB-C4FA748C5EAF}.Debug|Any CPU.ActiveCfg = Debug|Any CPU
		{0B5C9C5C-FAA9-4D0B-9EBB-C4FA748C5EAF}.Debug|Any CPU.Build.0 = Debug|Any CPU
		{0B5C9C5C-FAA9-4D0B-9EBB-C4FA748C5EAF}.Release|Any CPU.ActiveCfg = Release|Any CPU
		{0B5C9C5C-FAA9-4D0B-9EBB-C4FA748C5EAF}.Release|Any CPU.Build.0 = Release|Any CPU
	EndGlobalSection
	GlobalSection(SolutionProperties) = preSolution
		HideSolutionNode = FALSE
	EndGlobalSection
	GlobalSection(ExtensibilityGlobals) = postSolution
		SolutionGuid = {A03EA648-5C35-4257-A8D3-462844A35F6E}
	EndGlobalSection
EndGlobal
